github.com/eaburns/bit v0.0.0-20131029213740-7bd5cd37375d h1:HB5J9+f1xpkYLgWQ/RqEcbp3SEufyOIMYLoyKNKiG7E=
github.com/eaburns/bit v0.0.0-20131029213740-7bd5cd37375d/go.mod h1:CHkHWWZ4kbGY6jEy1+qlitDaCtRgNvCOQdakj/1Yl/Q=
github.com/eaburns/flac v0.0.0-20171003200620-9a6fb92396d1 h1:wl/ggSfTHqAy46hyzw1IlrUYwjqmXYvbJyPdH3rT7YE=
github.com/eaburns/flac v0.0.0-20171003200620-9a6fb92396d1/go.mod h1:frG94byMNy+1CgGrQ25dZ+17tf98EN+OYBQL4Zh612M=
github.com/icza/bitio v1.1.0 h1:ysX4vtldjdi3Ygai5m1cWy4oLkhWTAi+SyO6HC8L9T0=
github.com/icza/bitio v1.1.0/go.mod h1:0jGnlLAx8MKMr9VGnn/4YrvZiprkvBelsVIbA9Jjr9A=
github.com/icza/mighty v0.0.0-20180919140131-cfd07d671de6 h1:8UsGZ2rr2ksmEru6lToqnXgA8Mz1DP11X4zSJ159C3k=
github.com/icza/mighty v0.0.0-20180919140131-cfd07d671de6/go.mod h1:xQig96I1VNBDIWGCdTt54nHt6EeI639SmHycLYL7FkA=
github.com/mewkiz/flac v1.0.13 h1:6wF8rRQKBFW159Daqx6Ro7K5ZnlVhHUKfS5aTsC4oXs=
github.com/mewkiz/flac v1.0.13/go.mod h1:HfPYDA+oxjyuqMu2V+cyKcxF51KM6incpw5eZXmfA6k=
github.com/mewkiz/pkg v0.0.0-20250417130911-3f050ff8c56d h1:IL2tii4jXLdhCeQN69HNzYYW1kl0meSG0wt5+sLwszU=
github.com/mewkiz/pkg v0.0.0-20250417130911-3f050ff8c56d/go.mod h1:SIpumAnUWSy0q9RzKD3pyH3g1t5vdawUAPcW5tQrUtI=
github.com/mewpkg/term v0.0.0-20241026122259-37a80af23985 h1:h8O1byDZ1uk6RUXMhj1QJU3VXFKXHDZxr4TXRPGeBa8=
github.com/mewpkg/term v0.0.0-20241026122259-37a80af23985/go.mod h1:uiPmbdUbdt1NkGApKl7htQjZ8S7XaGUAVulJUJ9v6q4=
